
Microsoft Visual Studio Solution File, Format Version 12.00
# Visual Studio Version 16
VisualStudioVersion = 16.0.29709.97
MinimumVisualStudioVersion = 10.0.40219.1
Project("{FAE04EC0-301F-11D3-BF4B-00C04F79EFBC}") = "HttpTrigger", "HttpTrigger\HttpTrigger.csproj", "{BE5ED5B1-218C-4475-83C9-5F8BBD9D4C33}"
EndProject
Global
	GlobalSection(SolutionConfigurationPlatforms) = preSolution
		Debug|Any CPU = Debug|Any CPU
		Release|Any CPU = Release|Any CPU
	EndGlobalSection
	GlobalSection(ProjectConfigurationPlatforms) = postSolution
		{BE5ED5B1-218C-4475-83C9-5F8BBD9D4C33}.Debug|Any CPU.ActiveCfg = Debug|Any CPU
		{BE5ED5B1-218C-4475-83C9-5F8BBD9D4C33}.Debug|Any CPU.Build.0 = Debug|Any CPU
		{BE5ED5B1-218C-4475-83C9-5F8BBD9D4C33}.Release|Any CPU.ActiveCfg = Release|Any CPU
		{BE5ED5B1-218C-4475-83C9-5F8BBD9D4C33}.Release|Any CPU.Build.0 = Release|Any CPU
	EndGlobalSection
	GlobalSection(SolutionProperties) = preSolution
		HideSolutionNode = FALSE
	EndGlobalSection
	GlobalSection(ExtensibilityGlobals) = postSolution
		SolutionGuid = {FCAA95E1-D3BA-4363-84F3-628C6E07A204}
	EndGlobalSection
EndGlobal
